
Microsoft Visual Studio Solution File, Format Version 12.00
# Visual Studio 2012
Project("{FAE04EC0-301F-11D3-BF4B-00C04F79EFBC}") = "TodoApi", "TodoApi\TodoApi.csproj", "{8E12F12B-6D7F-4BB0-873B-AB83239575B3}"
EndProject
Global
	GlobalSection(SolutionConfigurationPlatforms) = preSolution
		Debug|Any CPU = Debug|Any CPU
		Release|Any CPU = Release|Any CPU
	EndGlobalSection
	GlobalSection(ProjectConfigurationPlatforms) = postSolution
		{8E12F12B-6D7F-4BB0-873B-AB83239575B3}.Debug|Any CPU.ActiveCfg = Debug|Any CPU
		{8E12F12B-6D7F-4BB0-873B-AB83239575B3}.Debug|Any CPU.Build.0 = Debug|Any CPU
		{8E12F12B-6D7F-4BB0-873B-AB83239575B3}.Release|Any CPU.ActiveCfg = Release|Any CPU
		{8E12F12B-6D7F-4BB0-873B-AB83239575B3}.Release|Any CPU.Build.0 = Release|Any CPU
	EndGlobalSection
EndGlobal
